
Microsoft Visual Studio Solution File, Format Version 12.00
# Visual Studio Version 16
VisualStudioVersion = 16.0.31112.23
MinimumVisualStudioVersion = 10.0.40219.1
Project("{2150E333-8FDC-42A3-9474-1A3956D46DE8}") = "Interpretation", "Interpretation", "{491DC45E-B6C6-4117-A9E8-741E2E39479F}"
EndProject
Project("{FAE04EC0-301F-11D3-BF4B-00C04F79EFBC}") = "Interpretation", "interpretation\Interpretation.csproj", "{333054DA-3437-4AB2-A7A0-EA27D053AF2B}"
EndProject
Global
	GlobalSection(SolutionConfigurationPlatforms) = preSolution
		Debug|Any CPU = Debug|Any CPU
		Release|Any CPU = Release|Any CPU
	EndGlobalSection
	GlobalSection(ProjectConfigurationPlatforms) = postSolution
		{333054DA-3437-4AB2-A7A0-EA27D053AF2B}.Debug|Any CPU.ActiveCfg = Debug|Any CPU
		{333054DA-3437-4AB2-A7A0-EA27D053AF2B}.Debug|Any CPU.Build.0 = Debug|Any CPU
		{333054DA-3437-4AB2-A7A0-EA27D053AF2B}.Release|Any CPU.ActiveCfg = Release|Any CPU
		{333054DA-3437-4AB2-A7A0-EA27D053AF2B}.Release|Any CPU.Build.0 = Release|Any CPU
	EndGlobalSection
	GlobalSection(SolutionProperties) = preSolution
		HideSolutionNode = FALSE
	EndGlobalSection
	GlobalSection(NestedProjects) = preSolution
		{333054DA-3437-4AB2-A7A0-EA27D053AF2B} = {491DC45E-B6C6-4117-A9E8-741E2E39479F}
	EndGlobalSection
	GlobalSection(ExtensibilityGlobals) = postSolution
		SolutionGuid = {B791DC2D-3591-4518-A640-87D7C8FE4AC8}
	EndGlobalSection
EndGlobal
